
Microsoft Visual Studio Solution File, Format Version 12.00
# Visual Studio 15
VisualStudioVersion = 15.0.26730.16
MinimumVisualStudioVersion = 10.0.40219.1
Project("{888888A0-9F3D-457C-B088-3A5042F75D52}") = "lineage", "lineage.pyproj", "{2035711C-B62F-45CB-9B4B-87B386615EE7}"
EndProject
Global
	GlobalSection(SolutionConfigurationPlatforms) = preSolution
		Debug|Any CPU = Debug|Any CPU
		Release|Any CPU = Release|Any CPU
	EndGlobalSection
	GlobalSection(ProjectConfigurationPlatforms) = postSolution
		{2035711C-B62F-45CB-9B4B-87B386615EE7}.Debug|Any CPU.ActiveCfg = Debug|Any CPU
		{2035711C-B62F-45CB-9B4B-87B386615EE7}.Release|Any CPU.ActiveCfg = Release|Any CPU
	EndGlobalSection
	GlobalSection(SolutionProperties) = preSolution
		HideSolutionNode = FALSE
	EndGlobalSection
	GlobalSection(ExtensibilityGlobals) = postSolution
		SolutionGuid = {0F842773-2CCE-40ED-B8F4-1BDC84BED608}
	EndGlobalSection
EndGlobal
